// !$*UTF8*$!
{
	archiveVersion = 1;
	classes = {
	};
	objectVersion = 56;
	objects = {

/* Begin PBXBuildFile section */
		4139AC192A68BC3D00543BE5 /* String-EmptyChecking.swift in Sources */ = {isa = PBXBuildFile; fileRef = 4139AC182A68BC3D00543BE5 /* String-EmptyChecking.swift */; };
		41B349502A673C9C00BFA50F /* CupcakeCornerApp.swift in Sources */ = {isa = PBXBuildFile; fileRef = 41B3494F2A673C9C00BFA50F /* CupcakeCornerApp.swift */; };
		41B349522A673C9C00BFA50F /* ContentView.swift in Sources */ = {isa = PBXBuildFile; fileRef = 41B349512A673C9C00BFA50F /* ContentView.swift */; };
		41B349542A673C9E00BFA50F /* Assets.xcassets in Resources */ = {isa = PBXBuildFile; fileRef = 41B349532A673C9E00BFA50F /* Assets.xcassets */; };
		41B349572A673C9E00BFA50F /* Preview Assets.xcassets in Resources */ = {isa = PBXBuildFile; fileRef = 41B349562A673C9E00BFA50F /* Preview Assets.xcassets */; };
		41B3495E2A673CCC00BFA50F /* CodableConformancePublishedProperties.swift in Sources */ = {isa = PBXBuildFile; fileRef = 41B3495D2A673CCC00BFA50F /* CodableConformancePublishedProperties.swift */; };
		41B349612A6757E900BFA50F /* SendingRecievingCodableDataURLSession.swift in Sources */ = {isa = PBXBuildFile; fileRef = 41B349602A6757E900BFA50F /* SendingRecievingCodableDataURLSession.swift */; };
		41B349632A67601800BFA50F /* LoadingImageFromServer.swift in Sources */ = {isa = PBXBuildFile; fileRef = 41B349622A67601800BFA50F /* LoadingImageFromServer.swift */; };
		41B349652A67640B00BFA50F /* Validating&DisablingForms.swift in Sources */ = {isa = PBXBuildFile; fileRef = 41B349642A67640B00BFA50F /* Validating&DisablingForms.swift */; };
		41B349672A676E9700BFA50F /* Order.swift in Sources */ = {isa = PBXBuildFile; fileRef = 41B349662A676E9700BFA50F /* Order.swift */; };
		41B349692A6771BE00BFA50F /* AddressView.swift in Sources */ = {isa = PBXBuildFile; fileRef = 41B349682A6771BE00BFA50F /* AddressView.swift */; };
		41B3496B2A6774F300BFA50F /* CheckoutView.swift in Sources */ = {isa = PBXBuildFile; fileRef = 41B3496A2A6774F300BFA50F /* CheckoutView.swift */; };
/* End PBXBuildFile section */

/* Begin PBXFileReference section */
		4139AC182A68BC3D00543BE5 /* String-EmptyChecking.swift */ = {isa = PBXFileReference; lastKnownFileType = sourcecode.swift; path = "String-EmptyChecking.swift"; sourceTree = "<group>"; };
		41B3494C2A673C9C00BFA50F /* CupcakeCorner.app */ = {isa = PBXFileReference; explicitFileType = wrapper.application; includeInIndex = 0; path = CupcakeCorner.app; sourceTree = BUILT_PRODUCTS_DIR; };
		41B3494F2A673C9C00BFA50F /* CupcakeCornerApp.swift */ = {isa = PBXFileReference; lastKnownFileType = sourcecode.swift; path = CupcakeCornerApp.swift; sourceTree = "<group>"; };
		41B349512A673C9C00BFA50F /* ContentView.swift */ = {isa = PBXFileReference; lastKnownFileType = sourcecode.swift; path = ContentView.swift; sourceTree = "<group>"; };
		41B349532A673C9E00BFA50F /* Assets.xcassets */ = {isa = PBXFileReference; lastKnownFileType = folder.assetcatalog; path = Assets.xcassets; sourceTree = "<group>"; };
		41B349562A673C9E00BFA50F /* Preview Assets.xcassets */ = {isa = PBXFileReference; lastKnownFileType = folder.assetcatalog; path = "Preview Assets.xcassets"; sourceTree = "<group>"; };
		41B3495D2A673CCC00BFA50F /* CodableConformancePublishedProperties.swift */ = {isa = PBXFileReference; lastKnownFileType = sourcecode.swift; path = CodableConformancePublishedProperties.swift; sourceTree = "<group>"; };
		41B349602A6757E900BFA50F /* SendingRecievingCodableDataURLSession.swift */ = {isa = PBXFileReference; lastKnownFileType = sourcecode.swift; path = SendingRecievingCodableDataURLSession.swift; sourceTree = "<group>"; };
		41B349622A67601800BFA50F /* LoadingImageFromServer.swift */ = {isa = PBXFileReference; lastKnownFileType = sourcecode.swift; path = LoadingImageFromServer.swift; sourceTree = "<group>"; };
		41B349642A67640B00BFA50F /* Validating&DisablingForms.swift */ = {isa = PBXFileReference; lastKnownFileType = sourcecode.swift; path = "Validating&DisablingForms.swift"; sourceTree = "<group>"; };
		41B349662A676E9700BFA50F /* Order.swift */ = {isa = PBXFileReference; lastKnownFileType = sourcecode.swift; path = Order.swift; sourceTree = "<group>"; };
		41B349682A6771BE00BFA50F /* AddressView.swift */ = {isa = PBXFileReference; lastKnownFileType = sourcecode.swift; path = AddressView.swift; sourceTree = "<group>"; };
		41B3496A2A6774F300BFA50F /* CheckoutView.swift */ = {isa = PBXFileReference; lastKnownFileType = sourcecode.swift; path = CheckoutView.swift; sourceTree = "<group>"; };
/* End PBXFileReference section */

/* Begin PBXFrameworksBuildPhase section */
		41B349492A673C9C00BFA50F /* Frameworks */ = {
			isa = PBXFrameworksBuildPhase;
			buildActionMask = 2147483647;
			files = (
			);
			runOnlyForDeploymentPostprocessing = 0;
		};
/* End PBXFrameworksBuildPhase section */

/* Begin PBXGroup section */
		41B349432A673C9C00BFA50F = {
			isa = PBXGroup;
			children = (
				41B3494E2A673C9C00BFA50F /* CupcakeCorner */,
				41B3494D2A673C9C00BFA50F /* Products */,
			);
			sourceTree = "<group>";
		};
		41B3494D2A673C9C00BFA50F /* Products */ = {
			isa = PBXGroup;
			children = (
				41B3494C2A673C9C00BFA50F /* CupcakeCorner.app */,
			);
			name = Products;
			sourceTree = "<group>";
		};
		41B3494E2A673C9C00BFA50F /* CupcakeCorner */ = {
			isa = PBXGroup;
			children = (
				41B3494F2A673C9C00BFA50F /* CupcakeCornerApp.swift */,
				41B349512A673C9C00BFA50F /* ContentView.swift */,
				41B3496A2A6774F300BFA50F /* CheckoutView.swift */,
				41B349682A6771BE00BFA50F /* AddressView.swift */,
				4139AC182A68BC3D00543BE5 /* String-EmptyChecking.swift */,
				41B349662A676E9700BFA50F /* Order.swift */,
				41B3495F2A673CD300BFA50F /* Tutorial */,
				41B349532A673C9E00BFA50F /* Assets.xcassets */,
				41B349552A673C9E00BFA50F /* Preview Content */,
			);
			path = CupcakeCorner;
			sourceTree = "<group>";
		};
		41B349552A673C9E00BFA50F /* Preview Content */ = {
			isa = PBXGroup;
			children = (
				41B349562A673C9E00BFA50F /* Preview Assets.xcassets */,
			);
			path = "Preview Content";
			sourceTree = "<group>";
		};
		41B3495F2A673CD300BFA50F /* Tutorial */ = {
			isa = PBXGroup;
			children = (
				41B3495D2A673CCC00BFA50F /* CodableConformancePublishedProperties.swift */,
				41B349602A6757E900BFA50F /* SendingRecievingCodableDataURLSession.swift */,
				41B349622A67601800BFA50F /* LoadingImageFromServer.swift */,
				41B349642A67640B00BFA50F /* Validating&DisablingForms.swift */,
			);
			path = Tutorial;
			sourceTree = "<group>";
		};
/* End PBXGroup section */

/* Begin PBXNativeTarget section */
		41B3494B2A673C9C00BFA50F /* CupcakeCorner */ = {
			isa = PBXNativeTarget;
			buildConfigurationList = 41B3495A2A673C9E00BFA50F /* Build configuration list for PBXNativeTarget "CupcakeCorner" */;
			buildPhases = (
				41B349482A673C9C00BFA50F /* Sources */,
				41B349492A673C9C00BFA50F /* Frameworks */,
				41B3494A2A673C9C00BFA50F /* Resources */,
			);
			buildRules = (
			);
			dependencies = (
			);
			name = CupcakeCorner;
			productName = CupcakeCorner;
			productReference = 41B3494C2A673C9C00BFA50F /* CupcakeCorner.app */;
			productType = "com.apple.product-type.application";
		};
/* End PBXNativeTarget section */

/* Begin PBXProject section */
		41B349442A673C9C00BFA50F /* Project object */ = {
			isa = PBXProject;
			attributes = {
				BuildIndependentTargetsInParallel = 1;
				LastSwiftUpdateCheck = 1430;
				LastUpgradeCheck = 1430;
				TargetAttributes = {
					41B3494B2A673C9C00BFA50F = {
						CreatedOnToolsVersion = 14.3.1;
					};
				};
			};
			buildConfigurationList = 41B349472A673C9C00BFA50F /* Build configuration list for PBXProject "CupcakeCorner" */;
			compatibilityVersion = "Xcode 14.0";
			developmentRegion = en;
			hasScannedForEncodings = 0;
			knownRegions = (
				en,
				Base,
			);
			mainGroup = 41B349432A673C9C00BFA50F;
			productRefGroup = 41B3494D2A673C9C00BFA50F /* Products */;
			projectDirPath = "";
			projectRoot = "";
			targets = (
				41B3494B2A673C9C00BFA50F /* CupcakeCorner */,
			);
		};
/* End PBXProject section */

/* Begin PBXResourcesBuildPhase section */
		41B3494A2A673C9C00BFA50F /* Resources */ = {
			isa = PBXResourcesBuildPhase;
			buildActionMask = 2147483647;
			files = (
				41B349572A673C9E00BFA50F /* Preview Assets.xcassets in Resources */,
				41B349542A673C9E00BFA50F /* Assets.xcassets in Resources */,
			);
			runOnlyForDeploymentPostprocessing = 0;
		};
/* End PBXResourcesBuildPhase section */

/* Begin PBXSourcesBuildPhase section */
		41B349482A673C9C00BFA50F /* Sources */ = {
			isa = PBXSourcesBuildPhase;
			buildActionMask = 2147483647;
			files = (
				41B349632A67601800BFA50F /* LoadingImageFromServer.swift in Sources */,
				41B349522A673C9C00BFA50F /* ContentView.swift in Sources */,
				4139AC192A68BC3D00543BE5 /* String-EmptyChecking.swift in Sources */,
				41B349612A6757E900BFA50F /* SendingRecievingCodableDataURLSession.swift in Sources */,
				41B349652A67640B00BFA50F /* Validating&DisablingForms.swift in Sources */,
				41B349502A673C9C00BFA50F /* CupcakeCornerApp.swift in Sources */,
				41B349692A6771BE00BFA50F /* AddressView.swift in Sources */,
				41B3495E2A673CCC00BFA50F /* CodableConformancePublishedProperties.swift in Sources */,
				41B349672A676E9700BFA50F /* Order.swift in Sources */,
				41B3496B2A6774F300BFA50F /* CheckoutView.swift in Sources */,
			);
			runOnlyForDeploymentPostprocessing = 0;
		};
/* End PBXSourcesBuildPhase section */

/* Begin XCBuildConfiguration section */
		41B349582A673C9E00BFA50F /* Debug */ = {
			isa = XCBuildConfiguration;
			buildSettings = {
				ALWAYS_SEARCH_USER_PATHS = NO;
				CLANG_ANALYZER_NONNULL = YES;
				CLANG_ANALYZER_NUMBER_OBJECT_CONVERSION = YES_AGGRESSIVE;
				CLANG_CXX_LANGUAGE_STANDARD = "gnu++20";
				CLANG_ENABLE_MODULES = YES;
				CLANG_ENABLE_OBJC_ARC = YES;
				CLANG_ENABLE_OBJC_WEAK = YES;
				CLANG_WARN_BLOCK_CAPTURE_AUTORELEASING = YES;
				CLANG_WARN_BOOL_CONVERSION = YES;
				CLANG_WARN_COMMA = YES;
				CLANG_WARN_CONSTANT_CONVERSION = YES;
				CLANG_WARN_DEPRECATED_OBJC_IMPLEMENTATIONS = YES;
				CLANG_WARN_DIRECT_OBJC_ISA_USAGE = YES_ERROR;
				CLANG_WARN_DOCUMENTATION_COMMENTS = YES;
				CLANG_WARN_EMPTY_BODY = YES;
				CLANG_WARN_ENUM_CONVERSION = YES;
				CLANG_WARN_INFINITE_RECURSION = YES;
				CLANG_WARN_INT_CONVERSION = YES;
				CLANG_WARN_NON_LITERAL_NULL_CONVERSION = YES;
				CLANG_WARN_OBJC_IMPLICIT_RETAIN_SELF = YES;
				CLANG_WARN_OBJC_LITERAL_CONVERSION = YES;
				CLANG_WARN_OBJC_ROOT_CLASS = YES_ERROR;
				CLANG_WARN_QUOTED_INCLUDE_IN_FRAMEWORK_HEADER = YES;
				CLANG_WARN_RANGE_LOOP_ANALYSIS = YES;
				CLANG_WARN_STRICT_PROTOTYPES = YES;
				CLANG_WARN_SUSPICIOUS_MOVE = YES;
				CLANG_WARN_UNGUARDED_AVAILABILITY = YES_AGGRESSIVE;
				CLANG_WARN_UNREACHABLE_CODE = YES;
				CLANG_WARN__DUPLICATE_METHOD_MATCH = YES;
				COPY_PHASE_STRIP = NO;
				DEBUG_INFORMATION_FORMAT = dwarf;
				ENABLE_STRICT_OBJC_MSGSEND = YES;
				ENABLE_TESTABILITY = YES;
				GCC_C_LANGUAGE_STANDARD = gnu11;
				GCC_DYNAMIC_NO_PIC = NO;
				GCC_NO_COMMON_BLOCKS = YES;
				GCC_OPTIMIZATION_LEVEL = 0;
				GCC_PREPROCESSOR_DEFINITIONS = (
					"DEBUG=1",
					"$(inherited)",
				);
				GCC_WARN_64_TO_32_BIT_CONVERSION = YES;
				GCC_WARN_ABOUT_RETURN_TYPE = YES_ERROR;
				GCC_WARN_UNDECLARED_SELECTOR = YES;
				GCC_WARN_UNINITIALIZED_AUTOS = YES_AGGRESSIVE;
				GCC_WARN_UNUSED_FUNCTION = YES;
				GCC_WARN_UNUSED_VARIABLE = YES;
				IPHONEOS_DEPLOYMENT_TARGET = 16.4;
				MTL_ENABLE_DEBUG_INFO = INCLUDE_SOURCE;
				MTL_FAST_MATH = YES;
				ONLY_ACTIVE_ARCH = YES;
				SDKROOT = iphoneos;
				SWIFT_ACTIVE_COMPILATION_CONDITIONS = DEBUG;
				SWIFT_OPTIMIZATION_LEVEL = "-Onone";
			};
			name = Debug;
		};
		41B349592A673C9E00BFA50F /* Release */ = {
			isa = XCBuildConfiguration;
			buildSettings = {
				ALWAYS_SEARCH_USER_PATHS = NO;
				CLANG_ANALYZER_NONNULL = YES;
				CLANG_ANALYZER_NUMBER_OBJECT_CONVERSION = YES_AGGRESSIVE;
				CLANG_CXX_LANGUAGE_STANDARD = "gnu++20";
				CLANG_ENABLE_MODULES = YES;
				CLANG_ENABLE_OBJC_ARC = YES;
				CLANG_ENABLE_OBJC_WEAK = YES;
				CLANG_WARN_BLOCK_CAPTURE_AUTORELEASING = YES;
				CLANG_WARN_BOOL_CONVERSION = YES;
				CLANG_WARN_COMMA = YES;
				CLANG_WARN_CONSTANT_CONVERSION = YES;
				CLANG_WARN_DEPRECATED_OBJC_IMPLEMENTATIONS = YES;
				CLANG_WARN_DIRECT_OBJC_ISA_USAGE = YES_ERROR;
				CLANG_WARN_DOCUMENTATION_COMMENTS = YES;
				CLANG_WARN_EMPTY_BODY = YES;
				CLANG_WARN_ENUM_CONVERSION = YES;
				CLANG_WARN_INFINITE_RECURSION = YES;
				CLANG_WARN_INT_CONVERSION = YES;
				CLANG_WARN_NON_LITERAL_NULL_CONVERSION = YES;
				CLANG_WARN_OBJC_IMPLICIT_RETAIN_SELF = YES;
				CLANG_WARN_OBJC_LITERAL_CONVERSION = YES;
				CLANG_WARN_OBJC_ROOT_CLASS = YES_ERROR;
				CLANG_WARN_QUOTED_INCLUDE_IN_FRAMEWORK_HEADER = YES;
				CLANG_WARN_RANGE_LOOP_ANALYSIS = YES;
				CLANG_WARN_STRICT_PROTOTYPES = YES;
				CLANG_WARN_SUSPICIOUS_MOVE = YES;
				CLANG_WARN_UNGUARDED_AVAILABILITY = YES_AGGRESSIVE;
				CLANG_WARN_UNREACHABLE_CODE = YES;
				CLANG_WARN__DUPLICATE_METHOD_MATCH = YES;
				COPY_PHASE_STRIP = NO;
				DEBUG_INFORMATION_FORMAT = "dwarf-with-dsym";
				ENABLE_NS_ASSERTIONS = NO;
				ENABLE_STRICT_OBJC_MSGSEND = YES;
				GCC_C_LANGUAGE_STANDARD = gnu11;
				GCC_NO_COMMON_BLOCKS = YES;
				GCC_WARN_64_TO_32_BIT_CONVERSION = YES;
				GCC_WARN_ABOUT_RETURN_TYPE = YES_ERROR;
				GCC_WARN_UNDECLARED_SELECTOR = YES;
				GCC_WARN_UNINITIALIZED_AUTOS = YES_AGGRESSIVE;
				GCC_WARN_UNUSED_FUNCTION = YES;
				GCC_WARN_UNUSED_VARIABLE = YES;
				IPHONEOS_DEPLOYMENT_TARGET = 16.4;
				MTL_ENABLE_DEBUG_INFO = NO;
				MTL_FAST_MATH = YES;
				SDKROOT = iphoneos;
				SWIFT_COMPILATION_MODE = wholemodule;
				SWIFT_OPTIMIZATION_LEVEL = "-O";
				VALIDATE_PRODUCT = YES;
			};
			name = Release;
		};
		41B3495B2A673C9E00BFA50F /* Debug */ = {
			isa = XCBuildConfiguration;
			buildSettings = {
				ASSETCATALOG_COMPILER_APPICON_NAME = AppIcon;
				ASSETCATALOG_COMPILER_GLOBAL_ACCENT_COLOR_NAME = AccentColor;
				CODE_SIGN_STYLE = Automatic;
				CURRENT_PROJECT_VERSION = 1;
				DEVELOPMENT_ASSET_PATHS = "\"CupcakeCorner/Preview Content\"";
				DEVELOPMENT_TEAM = CWCBRR328H;
				ENABLE_PREVIEWS = YES;
				GENERATE_INFOPLIST_FILE = YES;
				INFOPLIST_KEY_UIApplicationSceneManifest_Generation = YES;
				INFOPLIST_KEY_UIApplicationSupportsIndirectInputEvents = YES;
				INFOPLIST_KEY_UILaunchScreen_Generation = YES;
				INFOPLIST_KEY_UISupportedInterfaceOrientations_iPad = "UIInterfaceOrientationPortrait UIInterfaceOrientationPortraitUpsideDown UIInterfaceOrientationLandscapeLeft UIInterfaceOrientationLandscapeRight";
				INFOPLIST_KEY_UISupportedInterfaceOrientations_iPhone = "UIInterfaceOrientationPortrait UIInterfaceOrientationLandscapeLeft UIInterfaceOrientationLandscapeRight";
				LD_RUNPATH_SEARCH_PATHS = (
					"$(inherited)",
					"@executable_path/Frameworks",
				);
				MARKETING_VERSION = 1.0;
				PRODUCT_BUNDLE_IDENTIFIER = BJ914.CupcakeCorner;
				PRODUCT_NAME = "$(TARGET_NAME)";
				SWIFT_EMIT_LOC_STRINGS = YES;
				SWIFT_VERSION = 5.0;
				TARGETED_DEVICE_FAMILY = "1,2";
			};
			name = Debug;
		};
		41B3495C2A673C9E00BFA50F /* Release */ = {
			isa = XCBuildConfiguration;
			buildSettings = {
				ASSETCATALOG_COMPILER_APPICON_NAME = AppIcon;
				ASSETCATALOG_COMPILER_GLOBAL_ACCENT_COLOR_NAME = AccentColor;
				CODE_SIGN_STYLE = Automatic;
				CURRENT_PROJECT_VERSION = 1;
				DEVELOPMENT_ASSET_PATHS = "\"CupcakeCorner/Preview Content\"";
				DEVELOPMENT_TEAM = CWCBRR328H;
				ENABLE_PREVIEWS = YES;
				GENERATE_INFOPLIST_FILE = YES;
				INFOPLIST_KEY_UIApplicationSceneManifest_Generation = YES;
				INFOPLIST_KEY_UIApplicationSupportsIndirectInputEvents = YES;
				INFOPLIST_KEY_UILaunchScreen_Generation = YES;
				INFOPLIST_KEY_UISupportedInterfaceOrientations_iPad = "UIInterfaceOrientationPortrait UIInterfaceOrientationPortraitUpsideDown UIInterfaceOrientationLandscapeLeft UIInterfaceOrientationLandscapeRight";
				INFOPLIST_KEY_UISupportedInterfaceOrientations_iPhone = "UIInterfaceOrientationPortrait UIInterfaceOrientationLandscapeLeft UIInterfaceOrientationLandscapeRight";
				LD_RUNPATH_SEARCH_PATHS = (
					"$(inherited)",
					"@executable_path/Frameworks",
				);
				MARKETING_VERSION = 1.0;
				PRODUCT_BUNDLE_IDENTIFIER = BJ914.CupcakeCorner;
				PRODUCT_NAME = "$(TARGET_NAME)";
				SWIFT_EMIT_LOC_STRINGS = YES;
				SWIFT_VERSION = 5.0;
				TARGETED_DEVICE_FAMILY = "1,2";
			};
			name = Release;
		};
/* End XCBuildConfiguration section */

/* Begin XCConfigurationList section */
		41B349472A673C9C00BFA50F /* Build configuration list for PBXProject "CupcakeCorner" */ = {
			isa = XCConfigurationList;
			buildConfigurations = (
				41B349582A673C9E00BFA50F /* Debug */,
				41B349592A673C9E00BFA50F /* Release */,
			);
			defaultConfigurationIsVisible = 0;
			defaultConfigurationName = Release;
		};
		41B3495A2A673C9E00BFA50F /* Build configuration list for PBXNativeTarget "CupcakeCorner" */ = {
			isa = XCConfigurationList;
			buildConfigurations = (
				41B3495B2A673C9E00BFA50F /* Debug */,
				41B3495C2A673C9E00BFA50F /* Release */,
			);
			defaultConfigurationIsVisible = 0;
			defaultConfigurationName = Release;
		};
/* End XCConfigurationList section */
	};
	rootObject = 41B349442A673C9C00BFA50F /* Project object */;
}
